
Microsoft Visual Studio Solution File, Format Version 12.00
# Visual Studio Version 17
VisualStudioVersion = 17.3.32922.545
MinimumVisualStudioVersion = 10.0.40219.1
Project("{FAE04EC0-301F-11D3-BF4B-00C04F79EFBC}") = "Costea_Maria_Lab2", "Costea_Maria_Lab2.csproj", "{8214EBD4-1530-4516-9D20-530BA3D2E424}"
EndProject
Global
	GlobalSection(SolutionConfigurationPlatforms) = preSolution
		Debug|Any CPU = Debug|Any CPU
		Release|Any CPU = Release|Any CPU
	EndGlobalSection
	GlobalSection(ProjectConfigurationPlatforms) = postSolution
		{8214EBD4-1530-4516-9D20-530BA3D2E424}.Debug|Any CPU.ActiveCfg = Debug|Any CPU
		{8214EBD4-1530-4516-9D20-530BA3D2E424}.Debug|Any CPU.Build.0 = Debug|Any CPU
		{8214EBD4-1530-4516-9D20-530BA3D2E424}.Release|Any CPU.ActiveCfg = Release|Any CPU
		{8214EBD4-1530-4516-9D20-530BA3D2E424}.Release|Any CPU.Build.0 = Release|Any CPU
	EndGlobalSection
	GlobalSection(SolutionProperties) = preSolution
		HideSolutionNode = FALSE
	EndGlobalSection
	GlobalSection(ExtensibilityGlobals) = postSolution
		SolutionGuid = {BE523389-7E9C-4173-889C-A57D00617966}
	EndGlobalSection
EndGlobal
